
Microsoft Visual Studio Solution File, Format Version 12.00
# Visual Studio Version 17
VisualStudioVersion = 17.0.31903.59
MinimumVisualStudioVersion = 10.0.40219.1
Project("{FAE04EC0-301F-11D3-BF4B-00C04F79EFBC}") = "TheBleedingDeacons.Freedom.Models", "TheBleedingDeacons.Freedom.Models\TheBleedingDeacons.Freedom.Models.csproj", "{98D62CCD-D3CA-454D-9894-FF8444CEC9B6}"
EndProject
Project("{FAE04EC0-301F-11D3-BF4B-00C04F79EFBC}") = "TheBleedingDeacons.Freedom.Client", "TheBleedingDeacons.Freedom.Client\TheBleedingDeacons.Freedom.Client.csproj", "{90B1B271-CF56-4FA3-B586-D29BDDBB1DDE}"
EndProject
Project("{FAE04EC0-301F-11D3-BF4B-00C04F79EFBC}") = "TheBleedingDeacons.Freedom.Tests", "TheBleedingDeacons.Freedom.Tests\TheBleedingDeacons.Freedom.Tests.csproj", "{5FA1F2D3-10C5-469E-98A9-45B4F05F3672}"
EndProject
Project("{FAE04EC0-301F-11D3-BF4B-00C04F79EFBC}") = "TheBleedingDeacons.Freedom.Specs", "TheBleedingDeacons.Freedom.Specs\TheBleedingDeacons.Freedom.Specs.csproj", "{E8F7D84C-800D-480A-803F-644D2FADB443}"
EndProject
Global
	GlobalSection(SolutionConfigurationPlatforms) = preSolution
		Debug|Any CPU = Debug|Any CPU
		Debug|x64 = Debug|x64
		Debug|x86 = Debug|x86
		Release|Any CPU = Release|Any CPU
		Release|x64 = Release|x64
		Release|x86 = Release|x86
	EndGlobalSection
	GlobalSection(ProjectConfigurationPlatforms) = postSolution
		{98D62CCD-D3CA-454D-9894-FF8444CEC9B6}.Debug|Any CPU.ActiveCfg = Debug|Any CPU
		{98D62CCD-D3CA-454D-9894-FF8444CEC9B6}.Debug|Any CPU.Build.0 = Debug|Any CPU
		{98D62CCD-D3CA-454D-9894-FF8444CEC9B6}.Debug|x64.ActiveCfg = Debug|Any CPU
		{98D62CCD-D3CA-454D-9894-FF8444CEC9B6}.Debug|x64.Build.0 = Debug|Any CPU
		{98D62CCD-D3CA-454D-9894-FF8444CEC9B6}.Debug|x86.ActiveCfg = Debug|Any CPU
		{98D62CCD-D3CA-454D-9894-FF8444CEC9B6}.Debug|x86.Build.0 = Debug|Any CPU
		{98D62CCD-D3CA-454D-9894-FF8444CEC9B6}.Release|Any CPU.ActiveCfg = Release|Any CPU
		{98D62CCD-D3CA-454D-9894-FF8444CEC9B6}.Release|Any CPU.Build.0 = Release|Any CPU
		{98D62CCD-D3CA-454D-9894-FF8444CEC9B6}.Release|x64.ActiveCfg = Release|Any CPU
		{98D62CCD-D3CA-454D-9894-FF8444CEC9B6}.Release|x64.Build.0 = Release|Any CPU
		{98D62CCD-D3CA-454D-9894-FF8444CEC9B6}.Release|x86.ActiveCfg = Release|Any CPU
		{98D62CCD-D3CA-454D-9894-FF8444CEC9B6}.Release|x86.Build.0 = Release|Any CPU
		{90B1B271-CF56-4FA3-B586-D29BDDBB1DDE}.Debug|Any CPU.ActiveCfg = Debug|Any CPU
		{90B1B271-CF56-4FA3-B586-D29BDDBB1DDE}.Debug|Any CPU.Build.0 = Debug|Any CPU
		{90B1B271-CF56-4FA3-B586-D29BDDBB1DDE}.Debug|x64.ActiveCfg = Debug|Any CPU
		{90B1B271-CF56-4FA3-B586-D29BDDBB1DDE}.Debug|x64.Build.0 = Debug|Any CPU
		{90B1B271-CF56-4FA3-B586-D29BDDBB1DDE}.Debug|x86.ActiveCfg = Debug|Any CPU
		{90B1B271-CF56-4FA3-B586-D29BDDBB1DDE}.Debug|x86.Build.0 = Debug|Any CPU
		{90B1B271-CF56-4FA3-B586-D29BDDBB1DDE}.Release|Any CPU.ActiveCfg = Release|Any CPU
		{90B1B271-CF56-4FA3-B586-D29BDDBB1DDE}.Release|Any CPU.Build.0 = Release|Any CPU
		{90B1B271-CF56-4FA3-B586-D29BDDBB1DDE}.Release|x64.ActiveCfg = Release|Any CPU
		{90B1B271-CF56-4FA3-B586-D29BDDBB1DDE}.Release|x64.Build.0 = Release|Any CPU
		{90B1B271-CF56-4FA3-B586-D29BDDBB1DDE}.Release|x86.ActiveCfg = Release|Any CPU
		{90B1B271-CF56-4FA3-B586-D29BDDBB1DDE}.Release|x86.Build.0 = Release|Any CPU
		{5FA1F2D3-10C5-469E-98A9-45B4F05F3672}.Debug|Any CPU.ActiveCfg = Debug|Any CPU
		{5FA1F2D3-10C5-469E-98A9-45B4F05F3672}.Debug|Any CPU.Build.0 = Debug|Any CPU
		{5FA1F2D3-10C5-469E-98A9-45B4F05F3672}.Debug|x64.ActiveCfg = Debug|Any CPU
		{5FA1F2D3-10C5-469E-98A9-45B4F05F3672}.Debug|x64.Build.0 = Debug|Any CPU
		{5FA1F2D3-10C5-469E-98A9-45B4F05F3672}.Debug|x86.ActiveCfg = Debug|Any CPU
		{5FA1F2D3-10C5-469E-98A9-45B4F05F3672}.Debug|x86.Build.0 = Debug|Any CPU
		{5FA1F2D3-10C5-469E-98A9-45B4F05F3672}.Release|Any CPU.ActiveCfg = Release|Any CPU
		{5FA1F2D3-10C5-469E-98A9-45B4F05F3672}.Release|Any CPU.Build.0 = Release|Any CPU
		{5FA1F2D3-10C5-469E-98A9-45B4F05F3672}.Release|x64.ActiveCfg = Release|Any CPU
		{5FA1F2D3-10C5-469E-98A9-45B4F05F3672}.Release|x64.Build.0 = Release|Any CPU
		{5FA1F2D3-10C5-469E-98A9-45B4F05F3672}.Release|x86.ActiveCfg = Release|Any CPU
		{5FA1F2D3-10C5-469E-98A9-45B4F05F3672}.Release|x86.Build.0 = Release|Any CPU
		{E8F7D84C-800D-480A-803F-644D2FADB443}.Debug|Any CPU.ActiveCfg = Debug|Any CPU
		{E8F7D84C-800D-480A-803F-644D2FADB443}.Debug|Any CPU.Build.0 = Debug|Any CPU
		{E8F7D84C-800D-480A-803F-644D2FADB443}.Debug|x64.ActiveCfg = Debug|Any CPU
		{E8F7D84C-800D-480A-803F-644D2FADB443}.Debug|x64.Build.0 = Debug|Any CPU
		{E8F7D84C-800D-480A-803F-644D2FADB443}.Debug|x86.ActiveCfg = Debug|Any CPU
		{E8F7D84C-800D-480A-803F-644D2FADB443}.Debug|x86.Build.0 = Debug|Any CPU
		{E8F7D84C-800D-480A-803F-644D2FADB443}.Release|Any CPU.ActiveCfg = Release|Any CPU
		{E8F7D84C-800D-480A-803F-644D2FADB443}.Release|Any CPU.Build.0 = Release|Any CPU
		{E8F7D84C-800D-480A-803F-644D2FADB443}.Release|x64.ActiveCfg = Release|Any CPU
		{E8F7D84C-800D-480A-803F-644D2FADB443}.Release|x64.Build.0 = Release|Any CPU
		{E8F7D84C-800D-480A-803F-644D2FADB443}.Release|x86.ActiveCfg = Release|Any CPU
		{E8F7D84C-800D-480A-803F-644D2FADB443}.Release|x86.Build.0 = Release|Any CPU
	EndGlobalSection
	GlobalSection(SolutionProperties) = preSolution
		HideSolutionNode = FALSE
	EndGlobalSection
EndGlobal
